
Microsoft Visual Studio Solution File, Format Version 12.00
# Visual Studio Version 16
VisualStudioVersion = 16.0.31613.86
MinimumVisualStudioVersion = 10.0.40219.1
Project("{FAE04EC0-301F-11D3-BF4B-00C04F79EFBC}") = "ConsoleCrawler", "ConsoleCrawler\ConsoleCrawler.csproj", "{835B1FAC-3D97-4F8A-97D3-FBE6BD47F866}"
EndProject
Global
	GlobalSection(SolutionConfigurationPlatforms) = preSolution
		Debug|Any CPU = Debug|Any CPU
		Release|Any CPU = Release|Any CPU
	EndGlobalSection
	GlobalSection(ProjectConfigurationPlatforms) = postSolution
		{835B1FAC-3D97-4F8A-97D3-FBE6BD47F866}.Debug|Any CPU.ActiveCfg = Debug|Any CPU
		{835B1FAC-3D97-4F8A-97D3-FBE6BD47F866}.Debug|Any CPU.Build.0 = Debug|Any CPU
		{835B1FAC-3D97-4F8A-97D3-FBE6BD47F866}.Release|Any CPU.ActiveCfg = Release|Any CPU
		{835B1FAC-3D97-4F8A-97D3-FBE6BD47F866}.Release|Any CPU.Build.0 = Release|Any CPU
	EndGlobalSection
	GlobalSection(SolutionProperties) = preSolution
		HideSolutionNode = FALSE
	EndGlobalSection
	GlobalSection(ExtensibilityGlobals) = postSolution
		SolutionGuid = {29C13043-30AA-4A8E-934D-831A7B3BAF25}
	EndGlobalSection
EndGlobal
